
Microsoft Visual Studio Solution File, Format Version 12.00
# Visual Studio Version 17
VisualStudioVersion = 17.10.35013.160
MinimumVisualStudioVersion = 10.0.40219.1
Project("{FAE04EC0-301F-11D3-BF4B-00C04F79EFBC}") = "AuthenticationMenuQr", "AuthenticationMenuQr\AuthenticationMenuQr.csproj", "{EC69C6EF-3F85-46E6-95DC-3DC11525FB41}"
EndProject
Global
	GlobalSection(SolutionConfigurationPlatforms) = preSolution
		Debug|Any CPU = Debug|Any CPU
		Release|Any CPU = Release|Any CPU
	EndGlobalSection
	GlobalSection(ProjectConfigurationPlatforms) = postSolution
		{EC69C6EF-3F85-46E6-95DC-3DC11525FB41}.Debug|Any CPU.ActiveCfg = Debug|Any CPU
		{EC69C6EF-3F85-46E6-95DC-3DC11525FB41}.Debug|Any CPU.Build.0 = Debug|Any CPU
		{EC69C6EF-3F85-46E6-95DC-3DC11525FB41}.Release|Any CPU.ActiveCfg = Release|Any CPU
		{EC69C6EF-3F85-46E6-95DC-3DC11525FB41}.Release|Any CPU.Build.0 = Release|Any CPU
	EndGlobalSection
	GlobalSection(SolutionProperties) = preSolution
		HideSolutionNode = FALSE
	EndGlobalSection
	GlobalSection(ExtensibilityGlobals) = postSolution
		SolutionGuid = {D8A69553-8D7C-4D9A-89E5-9BB1B1A0C262}
	EndGlobalSection
EndGlobal
